PODS:
  - FabricSimpleRisk (0.1.0):
    - FabricSimpleRisk/Core (= 0.1.0)
    - FabricSimpleRisk/ForterSDK (= 0.1.0)
    - FabricSimpleRisk/RiskifiedBeacon (= 0.1.0)
    - FabricSimpleRisk/TrustDecisionPro (= 0.1.0)
  - FabricSimpleRisk/Core (0.1.0)
  - FabricSimpleRisk/ForterSDK (0.1.0):
    - FabricSimpleRisk/Core
  - FabricSimpleRisk/RiskifiedBeacon (0.1.0):
    - FabricSimpleRisk/Core
    - RiskifiedBeaconXCFramework (~> 1.3.2)
  - FabricSimpleRisk/TrustDecisionPro (0.1.0):
    - FabricSimpleRisk/Core
    - TrustDecisionPro (~> 5.2.0)
  - RiskifiedBeaconXCFramework (1.3.2)
  - TrustDecisionPro (5.2.0):
    - TrustDecisionPro/FMDeviceManagerFramework (= 5.2.0)
    - TrustDecisionPro/TDCorePlugin (= 5.2.0)
    - TrustDecisionPro/TDMobRisk (= 5.2.0)
  - TrustDecisionPro/FMDeviceManagerFramework (5.2.0)
  - TrustDecisionPro/TDCorePlugin (5.2.0)
  - TrustDecisionPro/TDMobRisk (5.2.0)

DEPENDENCIES:
  - FabricSimpleRisk (from `../`)

SPEC REPOS:
  https://mirrors.tuna.tsinghua.edu.cn/git/CocoaPods/Specs.git:
    - RiskifiedBeaconXCFramework
    - TrustDecisionPro

EXTERNAL SOURCES:
  FabricSimpleRisk:
    :path: "../"

SPEC CHECKSUMS:
  FabricSimpleRisk: 145b48caec865dbc64305cbdd89c63d7a80544a1
  RiskifiedBeaconXCFramework: d5b2f1a885ea33bd15c7757002d1c09788853dc3
  TrustDecisionPro: ee8d7ab3984e8e56b4ae832810e939f1b8e08002

PODFILE CHECKSUM: d8b46be06455047896e74413032ba6004b86522e

COCOAPODS: 1.16.2
