PODS:
  - FabricSimpleRisk (1.0.0):
    - RiskifiedBeaconXCFramework (= 1.6.3)
    - TrustDecisionPro (= 5.2.0)
  - RiskifiedBeaconXCFramework (1.6.3)
  - TrustDecisionPro (5.2.0):
    - TrustDecisionPro/FMDeviceManagerFramework (= 5.2.0)
    - TrustDecisionPro/TDCorePlugin (= 5.2.0)
    - TrustDecisionPro/TDMobRisk (= 5.2.0)
  - TrustDecisionPro/FMDeviceManagerFramework (5.2.0)
  - TrustDecisionPro/TDCorePlugin (5.2.0)
  - TrustDecisionPro/TDMobRisk (5.2.0)

DEPENDENCIES:
  - FabricSimpleRisk (from `../`)

SPEC REPOS:
  https://mirrors.tuna.tsinghua.edu.cn/git/CocoaPods/Specs.git:
    - RiskifiedBeaconXCFramework
    - TrustDecisionPro

EXTERNAL SOURCES:
  FabricSimpleRisk:
    :path: "../"

SPEC CHECKSUMS:
  FabricSimpleRisk: 24a06c4218ff04cd91da4b5015e8a63e42a6588d
  RiskifiedBeaconXCFramework: 8db6c1f0e63ce4f83cd28c12e33b7d27b746a8ac
  TrustDecisionPro: ee8d7ab3984e8e56b4ae832810e939f1b8e08002

PODFILE CHECKSUM: d8b46be06455047896e74413032ba6004b86522e

COCOAPODS: 1.16.2
